
Microsoft Visual Studio Solution File, Format Version 12.00
# Visual Studio Version 16
VisualStudioVersion = 16.0.31025.194
MinimumVisualStudioVersion = 10.0.40219.1
Project("{9A19103F-16F7-4668-BE54-9A1E7A4F7556}") = "ComputerVisionOCR", "ComputerVisionOCR\ComputerVisionOCR.csproj", "{D30769B3-4A86-4A59-A2A9-C0932620D4D1}"
EndProject
Project("{9A19103F-16F7-4668-BE54-9A1E7A4F7556}") = "ComputerVisionImgAnalyze", "ComputerVisionImgAnalyze\ComputerVisionImgAnalyze.csproj", "{AF292F53-A137-4670-96C9-FEC09FB92F6E}"
EndProject
Project("{9A19103F-16F7-4668-BE54-9A1E7A4F7556}") = "SpeechToText", "SpeechToText\SpeechToText.csproj", "{40500B41-51DB-4BB9-846E-48E50030C70E}"
EndProject
Project("{9A19103F-16F7-4668-BE54-9A1E7A4F7556}") = "FaceRecognitionAnalyze", "FaceRecognitionAnalyze\FaceRecognitionAnalyze.csproj", "{4B72CDA7-C742-4D4D-923D-D603FEE35DF3}"
EndProject
Project("{2150E333-8FDC-42A3-9474-1A3956D46DE8}") = "Solution Items", "Solution Items", "{D12AE2FC-EEAF-4FC9-B1E3-A73CE70DFC50}"
	ProjectSection(SolutionItems) = preProject
		README.md = README.md
	EndProjectSection
EndProject
Global
	GlobalSection(SolutionConfigurationPlatforms) = preSolution
		Debug|Any CPU = Debug|Any CPU
		Release|Any CPU = Release|Any CPU
	EndGlobalSection
	GlobalSection(ProjectConfigurationPlatforms) = postSolution
		{D30769B3-4A86-4A59-A2A9-C0932620D4D1}.Debug|Any CPU.ActiveCfg = Debug|Any CPU
		{D30769B3-4A86-4A59-A2A9-C0932620D4D1}.Debug|Any CPU.Build.0 = Debug|Any CPU
		{D30769B3-4A86-4A59-A2A9-C0932620D4D1}.Release|Any CPU.ActiveCfg = Release|Any CPU
		{D30769B3-4A86-4A59-A2A9-C0932620D4D1}.Release|Any CPU.Build.0 = Release|Any CPU
		{AF292F53-A137-4670-96C9-FEC09FB92F6E}.Debug|Any CPU.ActiveCfg = Debug|Any CPU
		{AF292F53-A137-4670-96C9-FEC09FB92F6E}.Debug|Any CPU.Build.0 = Debug|Any CPU
		{AF292F53-A137-4670-96C9-FEC09FB92F6E}.Release|Any CPU.ActiveCfg = Release|Any CPU
		{AF292F53-A137-4670-96C9-FEC09FB92F6E}.Release|Any CPU.Build.0 = Release|Any CPU
		{40500B41-51DB-4BB9-846E-48E50030C70E}.Debug|Any CPU.ActiveCfg = Debug|Any CPU
		{40500B41-51DB-4BB9-846E-48E50030C70E}.Debug|Any CPU.Build.0 = Debug|Any CPU
		{40500B41-51DB-4BB9-846E-48E50030C70E}.Release|Any CPU.ActiveCfg = Release|Any CPU
		{40500B41-51DB-4BB9-846E-48E50030C70E}.Release|Any CPU.Build.0 = Release|Any CPU
		{4B72CDA7-C742-4D4D-923D-D603FEE35DF3}.Debug|Any CPU.ActiveCfg = Debug|Any CPU
		{4B72CDA7-C742-4D4D-923D-D603FEE35DF3}.Debug|Any CPU.Build.0 = Debug|Any CPU
		{4B72CDA7-C742-4D4D-923D-D603FEE35DF3}.Release|Any CPU.ActiveCfg = Release|Any CPU
		{4B72CDA7-C742-4D4D-923D-D603FEE35DF3}.Release|Any CPU.Build.0 = Release|Any CPU
	EndGlobalSection
	GlobalSection(SolutionProperties) = preSolution
		HideSolutionNode = FALSE
	EndGlobalSection
	GlobalSection(ExtensibilityGlobals) = postSolution
		SolutionGuid = {C0ED05A1-8599-45F8-934F-94DADE5D00AE}
	EndGlobalSection
EndGlobal
